# generated by rye
# use `rye lock` or `rye sync` to update this lockfile
#
# last locked with the following flags:
#   pre: false
#   features: []
#   all-features: true
#   with-sources: false
#   generate-hashes: false
#   universal: false

-e file:.
accessible-pygments==0.0.5
    # via pydata-sphinx-theme
aiobotocore==2.13.1
    # via lamindb-setup
    # via s3fs
aiohappyeyeballs==2.3.5
    # via aiohttp
aiohttp==3.10.2
    # via aiobotocore
    # via datasets
    # via fsspec
    # via ome-zarr
    # via s3fs
aioitertools==0.11.0
    # via aiobotocore
aiosignal==1.3.1
    # via aiohttp
alabaster==1.0.0
    # via sphinx
altair==5.3.0
    # via altair-tiles
    # via nbl
    # via somap
    # via vegafusion
altair-tiles==0.3.0
    # via altair
anndata==0.10.8
    # via flowsom
    # via lamindb
    # via mudata
    # via nbl
    # via pytometry
    # via readfcs
    # via scanpy
    # via spatialdata
annotated-types==0.7.0
    # via pydantic
anyio==4.4.0
    # via httpcore
    # via jupyter-server
    # via starlette
    # via watchfiles
anywidget==0.9.13
    # via altair
apeye==1.4.1
    # via sphinx-toolbox
apeye-core==1.1.5
    # via apeye
appdirs==1.4.4
    # via lamindb-setup
appnope==0.1.4
    # via ipykernel
argon2-cffi==23.1.0
    # via jupyter-server
argon2-cffi-bindings==21.2.0
    # via argon2-cffi
array-api-compat==1.8
    # via anndata
array2image==0.1.0
    # via somap
arrow==1.3.0
    # via isoduration
asciitree==0.3.3
    # via zarr
asgiref==3.8.1
    # via django
asttokens==2.4.1
    # via stack-data
async-lru==2.0.4
    # via jupyterlab
attrs==24.2.0
    # via aiohttp
    # via cattrs
    # via django-schema-graph
    # via jsonschema
    # via jupyter-cache
    # via lsprotocol
    # via referencing
autodocsumm==0.2.13
    # via sphinx-toolbox
babel==2.16.0
    # via great-tables
    # via jupyterlab-server
    # via pydata-sphinx-theme
    # via sphinx
backports-tarfile==1.2.0
    # via jaraco-context
beartype==0.18.5
    # via somap
beautifulsoup4==4.12.3
    # via nbconvert
    # via pydata-sphinx-theme
    # via sphinx-toolbox
bionty==0.48.0
    # via lamindb
bleach==6.1.0
    # via nbconvert
bokeh==3.5.1
    # via dask
boto3==1.34.131
    # via aiobotocore
botocore==1.34.131
    # via aiobotocore
    # via boto3
    # via lamindb-setup
    # via s3transfer
bottleneck==1.4.0
    # via pandas
    # via xarray
buckaroo==0.6.12
    # via nbl
cachecontrol==0.14.0
    # via sphinx-toolbox
cattrs==23.2.3
    # via django-schema-graph
    # via lsprotocol
    # via pygls
certifi==2024.7.4
    # via httpcore
    # via httpx
    # via pyogrio
    # via pyproj
    # via requests
    # via sentry-sdk
    # via sphinx-prompt
cffi==1.17.0
    # via argon2-cffi-bindings
cfgv==3.4.0
    # via pre-commit
chardet==5.2.0
    # via pronto
charset-normalizer==3.3.2
    # via requests
click==8.1.7
    # via dask
    # via distributed
    # via jupyter-cache
    # via mercantile
    # via rich-click
    # via spatialdata
    # via uvicorn
    # via wandb
cloudpickle==3.0.0
    # via dask
    # via distributed
    # via doit
colorama==0.4.6
    # via sphinx-autobuild
colorcet==3.1.0
    # via datashader
colormap2d==0.2.0
    # via somap
comm==0.2.2
    # via ipykernel
    # via ipywidgets
commonmark==0.9.1
    # via great-tables
contourpy==1.2.1
    # via bokeh
    # via matplotlib
coverage==7.6.1
    # via nbl
cssutils==2.11.1
    # via dict2css
cycler==0.12.1
    # via matplotlib
dask==2024.8.0
    # via dask-expr
    # via dask-image
    # via datashader
    # via distributed
    # via multiscale-spatial-image
    # via nbl
    # via numpydantic
    # via ome-zarr
    # via spatialdata
    # via xarray
    # via xbatcher
dask-expr==1.1.10
    # via dask
dask-image==2024.5.3
    # via nbl
    # via spatialdata
datasets==2.20.0
    # via somap
datashader==0.16.3
    # via pytometry
    # via xarray-spatial
debugpy==1.8.5
    # via ipykernel
decorator==5.1.1
    # via ipython
defusedxml==0.7.1
    # via nbconvert
    # via odfpy
deprecation==2.1.0
    # via postgrest
dict2css==0.3.0.post1
    # via sphinx-toolbox
dill==0.3.8
    # via datasets
    # via multiprocess
distlib==0.3.8
    # via virtualenv
distributed==2024.8.0
    # via dask
    # via ome-zarr
dj-database-url==2.2.0
    # via lamindb-setup
django==5.1
    # via dj-database-url
    # via lamindb-setup
django-schema-graph==3.1.0
    # via lamindb
docker-pycreds==0.4.0
    # via wandb
docutils==0.21.2
    # via jupyterlite-sphinx
    # via myst-parser
    # via nbl
    # via pybtex-docutils
    # via pydata-sphinx-theme
    # via readme-renderer
    # via sphinx
    # via sphinx-prompt
    # via sphinx-tabs
    # via sphinx-toolbox
    # via sphinxcontrib-bibtex
doit==0.36.0
    # via jupyterlite-core
domdf-python-tools==3.9.0
    # via apeye
    # via apeye-core
    # via dict2css
    # via sphinx-toolbox
einops==0.8.0
    # via xarray-einstats
einx==0.3.0
    # via nbl
equinox==0.11.4
    # via nbl
    # via somap
esbonio==0.16.4
    # via nbl
et-xmlfile==1.1.0
    # via openpyxl
executing==2.0.1
    # via stack-data
faker==26.3.0
    # via faker-biology
    # via nbl
faker-biology==0.6.4
    # via nbl
faker-python==0.0.1
    # via faker-biology
fasteners==0.19
    # via zarr
fastjsonschema==2.20.0
    # via nbformat
fastobo==0.12.3
    # via pronto
fcsparser==0.2.8
    # via readfcs
filelock==3.15.4
    # via bionty
    # via cachecontrol
    # via datasets
    # via huggingface-hub
    # via sphinx-toolbox
    # via torch
    # via virtualenv
flowsom @ git+https://github.com/saeyslab/FlowSOM_Python@80529c6b7a1747e8e71042102ac8762c3bfbaa1b
    # via nbl
flox==0.9.9
    # via nbl
    # via xarray
fonttools==4.53.1
    # via matplotlib
fqdn==1.5.1
    # via jsonschema
frozendict==2.4.4
    # via einx
frozenlist==1.4.1
    # via aiohttp
    # via aiosignal
fsspec==2024.3.1
    # via dask
    # via datasets
    # via huggingface-hub
    # via lamindb
    # via lightning
    # via ome-zarr
    # via pytorch-lightning
    # via s3fs
    # via spatialdata
    # via torch
    # via universal-pathlib
geopandas==1.0.1
    # via spatialdata
gitdb==4.0.11
    # via gitpython
gitpython==3.1.43
    # via tach
    # via wandb
gotrue==2.6.1
    # via supabase
graphlib-backport==1.1.0
    # via buckaroo
graphviz==0.20.3
    # via lamindb
    # via nbl
great-tables==0.10.0
    # via nbl
h11==0.14.0
    # via httpcore
    # via uvicorn
h2==4.1.0
    # via httpx
h5py==3.11.0
    # via anndata
    # via scanpy
hpack==4.0.0
    # via h2
html5lib==1.1
    # via sphinx-toolbox
htmltools==0.5.3
    # via great-tables
httpcore==0.17.3
    # via httpx
httpx==0.24.1
    # via gotrue
    # via postgrest
    # via storage3
    # via supabase
    # via supafunc
huggingface-hub==0.24.5
    # via datasets
hyperframe==6.0.1
    # via h2
identify==2.6.0
    # via pre-commit
idna==3.7
    # via anyio
    # via apeye-core
    # via httpx
    # via jsonschema
    # via requests
    # via sphinx-prompt
    # via yarl
igraph==0.11.6
    # via flowsom
imageio==2.34.2
    # via pims
    # via scikit-image
imagesize==1.4.1
    # via sphinx
importlib-metadata==8.2.0
    # via dask
    # via doit
    # via great-tables
    # via jupyter-cache
    # via keyring
    # via myst-nb
    # via nbproject
    # via twine
importlib-resources==6.4.0
    # via great-tables
iniconfig==2.0.0
    # via pytest
ipycytoscape==1.3.3
    # via nbl
ipykernel==6.29.5
    # via jupyterlab
    # via myst-nb
    # via nbl
ipylab==1.0.0
    # via nbl
ipython==8.26.0
    # via ipykernel
    # via ipywidgets
    # via myst-nb
    # via nbl
ipywidgets==8.1.3
    # via anywidget
    # via buckaroo
    # via ipycytoscape
    # via ipylab
isoduration==20.11.0
    # via jsonschema
jaraco-classes==3.4.0
    # via keyring
jaraco-context==5.3.0
    # via keyring
jaraco-functools==4.0.2
    # via keyring
jax==0.4.31
    # via equinox
    # via jax-metal
    # via nbl
    # via somap
jax-metal==0.1.0
    # via nbl
jaxlib==0.4.31
    # via jax
    # via jax-metal
    # via nbl
jaxtyping==0.2.33
    # via equinox
    # via somap
jedi==0.19.1
    # via ipython
jinja2==3.1.4
    # via altair
    # via bokeh
    # via dask
    # via distributed
    # via jupyter-server
    # via jupyterlab
    # via jupyterlab-server
    # via myst-parser
    # via nbconvert
    # via sphinx
    # via sphinx-jinja2-compat
    # via torch
jmespath==1.0.1
    # via boto3
    # via botocore
joblib==1.4.2
    # via pynndescent
    # via scanpy
    # via scikit-learn
json5==0.9.25
    # via jupyterlab-server
jsonpointer==3.0.0
    # via jsonschema
jsonschema==4.23.0
    # via altair
    # via jupyter-events
    # via jupyterlab-server
    # via nbformat
jsonschema-specifications==2023.12.1
    # via jsonschema
jupyter-cache==1.0.0
    # via myst-nb
jupyter-client==8.6.2
    # via ipykernel
    # via jupyter-server
    # via nbclient
jupyter-core==5.7.2
    # via ipykernel
    # via jupyter-client
    # via jupyter-server
    # via jupyterlab
    # via jupyterlite-core
    # via nbclient
    # via nbconvert
    # via nbformat
jupyter-events==0.10.0
    # via jupyter-server
jupyter-lsp==2.2.5
    # via jupyterlab
jupyter-server==2.14.2
    # via jupyter-lsp
    # via jupyterlab
    # via jupyterlab-server
    # via jupyterlite-sphinx
    # via notebook
    # via notebook-shim
jupyter-server-terminals==0.5.3
    # via jupyter-server
jupyterlab==4.0.13
    # via nbl
    # via notebook
jupyterlab-pygments==0.3.0
    # via nbconvert
jupyterlab-server==2.27.3
    # via jupyterlab
    # via jupyterlite-sphinx
    # via notebook
jupyterlab-widgets==3.0.11
    # via ipywidgets
jupyterlite-core==0.4.0
    # via jupyterlite-pyodide-kernel
    # via jupyterlite-sphinx
jupyterlite-pyodide-kernel==0.4.1
    # via nbl
jupyterlite-sphinx==0.16.5
    # via nbl
keyring==25.3.0
    # via twine
kiwisolver==1.4.5
    # via matplotlib
lamin-cli==0.16.0
    # via lamindb
lamin-utils==0.13.2
    # via lamindb
    # via lamindb-setup
    # via nbproject
    # via readfcs
lamindb==0.75.1
    # via bionty
    # via nbl
lamindb-setup==0.76.3
    # via lamindb
latexcodec==3.0.0
    # via pybtex
lazy-loader==0.4
    # via scikit-image
legacy-api-wrap==1.4
    # via scanpy
legendkit==0.3.4
    # via marsilea
lightning==2.4.0
    # via nbl
lightning-utilities==0.11.6
    # via lightning
    # via pytorch-lightning
    # via torchmetrics
llvmlite==0.43.0
    # via numba
    # via pynndescent
lnschema-core==0.72.2
    # via lamindb
    # via lamindb-setup
locket==1.0.0
    # via distributed
    # via partd
loguru==0.7.2
    # via flowsom
lsprotocol==2023.0.1
    # via pygls
lz4==4.3.3
    # via dask
markdown-it-py==3.0.0
    # via mdit-py-plugins
    # via myst-parser
    # via rich
markupsafe==2.1.5
    # via jinja2
    # via nbconvert
    # via sphinx-jinja2-compat
marsilea==0.4.4
    # via nbl
matplotlib==3.9.1.post1
    # via flowsom
    # via legendkit
    # via marsilea
    # via matplotlib-scalebar
    # via nbl
    # via pytometry
    # via scanpy
    # via seaborn
    # via somap
    # via spatialdata-plot
matplotlib-inline==0.1.7
    # via ipykernel
    # via ipython
matplotlib-scalebar==0.8.1
    # via spatialdata-plot
mdit-py-plugins==0.4.1
    # via myst-parser
mdurl==0.1.2
    # via markdown-it-py
mercantile==1.2.1
    # via altair-tiles
mistune==3.0.2
    # via nbconvert
ml-dtypes==0.4.0
    # via jax
    # via jaxlib
more-itertools==10.4.0
    # via cssutils
    # via jaraco-classes
    # via jaraco-functools
mpmath==1.3.0
    # via sympy
msgpack==1.0.8
    # via cachecontrol
    # via distributed
mudata==0.3.0
    # via flowsom
multidict==6.0.5
    # via aiohttp
    # via yarl
multipledispatch==1.0.0
    # via datashader
multiprocess==0.70.16
    # via datasets
multiscale-spatial-image==1.0.1
    # via spatialdata
myst-nb==1.1.1
    # via nbl
myst-parser==4.0.0
    # via myst-nb
natsort==8.4.0
    # via anndata
    # via domdf-python-tools
    # via nbl
    # via scanpy
nbclient==0.10.0
    # via jupyter-cache
    # via myst-nb
    # via nbconvert
nbconvert==7.16.4
    # via jupyter-server
    # via lamindb
nbformat==5.10.4
    # via jupyter-cache
    # via jupyter-server
    # via jupyterlite-sphinx
    # via myst-nb
    # via nbclient
    # via nbconvert
    # via nbstripout
nbproject==0.10.4
    # via lamindb
    # via pytometry
nbstripout==0.6.1
    # via lamindb
nest-asyncio==1.6.0
    # via ipykernel
networkx==3.3
    # via pronto
    # via scanpy
    # via scikit-image
    # via spatialdata
    # via tach
    # via torch
nh3==0.2.18
    # via readme-renderer
nodeenv==1.9.1
    # via pre-commit
notebook==7.0.8
    # via nbl
notebook-shim==0.2.4
    # via jupyterlab
    # via notebook
numba==0.60.0
    # via datashader
    # via flowsom
    # via nbl
    # via numbagg
    # via pandas
    # via pynndescent
    # via scanpy
    # via umap-learn
    # via xarray-einstats
    # via xarray-spatial
numbagg==0.8.1
    # via xarray
numcodecs==0.13.0
    # via zarr
numexpr==2.10.1
    # via pandas
numpy==1.26.4
    # via altair
    # via anndata
    # via array2image
    # via bokeh
    # via bottleneck
    # via colormap2d
    # via contourpy
    # via dask
    # via dask-image
    # via datasets
    # via datashader
    # via einx
    # via fcsparser
    # via flowsom
    # via flox
    # via geopandas
    # via great-tables
    # via h5py
    # via imageio
    # via jax
    # via jaxlib
    # via marsilea
    # via matplotlib
    # via ml-dtypes
    # via multiscale-spatial-image
    # via nbl
    # via numba
    # via numbagg
    # via numcodecs
    # via numexpr
    # via numpy-groupies
    # via numpydantic
    # via ome-zarr
    # via opt-einsum
    # via pandas
    # via patsy
    # via pims
    # via pyarrow
    # via pyogrio
    # via pytometry
    # via scanpy
    # via scikit-image
    # via scikit-learn
    # via scipy
    # via seaborn
    # via shapely
    # via spatial-image
    # via spatialdata
    # via statsmodels
    # via tifffile
    # via torchmetrics
    # via treescope
    # via umap-learn
    # via xarray
    # via xarray-dataclasses
    # via xarray-einstats
    # via xarray-schema
    # via xarray-spatial
    # via xbatcher
    # via zarr
numpy-groupies==0.11.2
    # via flox
numpydantic==1.3.0
    # via nbl
odfpy==1.4.1
    # via pandas
ome-zarr==0.9.0
    # via spatialdata
openpyxl==3.1.5
    # via pandas
opt-einsum==3.3.0
    # via jax
    # via xarray
orjson==3.10.7
    # via nbproject
overrides==7.7.0
    # via jupyter-server
packaging==24.1
    # via altair
    # via anndata
    # via bokeh
    # via buckaroo
    # via dask
    # via datasets
    # via datashader
    # via deprecation
    # via distributed
    # via flox
    # via geopandas
    # via htmltools
    # via huggingface-hub
    # via ipykernel
    # via jupyter-server
    # via jupyterlab
    # via jupyterlab-server
    # via lazy-loader
    # via lightning
    # via lightning-utilities
    # via matplotlib
    # via nbconvert
    # via nbproject
    # via pims
    # via pooch
    # via pydata-sphinx-theme
    # via pyogrio
    # via pytest
    # via pytorch-lightning
    # via scanpy
    # via scikit-image
    # via sphinx
    # via statsmodels
    # via torchmetrics
    # via xarray
    # via xarray-datatree
pandas==2.2.2
    # via altair
    # via anndata
    # via bokeh
    # via dask
    # via dask-expr
    # via dask-image
    # via datasets
    # via datashader
    # via fcsparser
    # via flowsom
    # via flox
    # via geopandas
    # via lamindb
    # via marsilea
    # via nbl
    # via pytometry
    # via scanpy
    # via seaborn
    # via spatialdata
    # via statsmodels
    # via vega-datasets
    # via vegafusion
    # via xarray
pandocfilters==1.5.1
    # via nbconvert
param==2.1.1
    # via datashader
    # via pyct
parso==0.8.4
    # via jedi
partd==1.4.2
    # via dask
patsy==0.5.6
    # via scanpy
    # via statsmodels
pexpect==4.9.0
    # via ipython
pillow==10.4.0
    # via array2image
    # via bokeh
    # via datashader
    # via imageio
    # via matplotlib
    # via scikit-image
pims==0.7
    # via dask-image
pkginfo==1.10.0
    # via jupyterlite-pyodide-kernel
    # via twine
platformdirs==4.2.2
    # via apeye
    # via esbonio
    # via jupyter-core
    # via marsilea
    # via pooch
    # via virtualenv
    # via wandb
pluggy==1.5.0
    # via pytest
pooch==1.8.2
    # via spatialdata
postgrest==0.13.2
    # via supabase
pre-commit==3.8.0
    # via nbl
prometheus-client==0.20.0
    # via jupyter-server
prompt-toolkit==3.0.47
    # via ipython
    # via tach
pronto==2.5.5
    # via bionty
protobuf==5.27.3
    # via vegafusion
    # via wandb
psutil==6.0.0
    # via distributed
    # via ipykernel
    # via lamindb-setup
    # via vegafusion
    # via wandb
psycopg2-binary==2.9.9
    # via lamindb
psygnal==0.11.1
    # via anywidget
ptyprocess==0.7.0
    # via pexpect
    # via terminado
pure-eval==0.2.3
    # via stack-data
pyarrow==17.0.0
    # via altair
    # via dask
    # via dask-expr
    # via datasets
    # via lamindb
    # via spatialdata
    # via vegafusion
pyarrow-hotfix==0.6
    # via dask
    # via datasets
pybtex==0.24.0
    # via pybtex-docutils
    # via sphinxcontrib-bibtex
pybtex-docutils==1.0.3
    # via sphinxcontrib-bibtex
pycparser==2.22
    # via cffi
pyct==0.5.0
    # via datashader
pydantic==2.8.2
    # via gotrue
    # via nbproject
    # via numpydantic
    # via postgrest
    # via pydantic-settings
    # via tach
pydantic-core==2.20.1
    # via pydantic
pydantic-settings==2.4.0
    # via lamindb-setup
pydata-sphinx-theme==0.15.4
    # via sphinx-book-theme
pydot==2.0.0
    # via tach
pygls==1.3.1
    # via esbonio
pygments==2.18.0
    # via accessible-pygments
    # via ipython
    # via nbconvert
    # via pydata-sphinx-theme
    # via readme-renderer
    # via rich
    # via sphinx
    # via sphinx-prompt
    # via sphinx-tabs
pykan==0.2.4
    # via nbl
pynndescent==0.5.13
    # via scanpy
    # via umap-learn
pyogrio==0.9.0
    # via geopandas
pyparsing==3.1.2
    # via matplotlib
    # via pydot
pyproj==3.6.1
    # via geopandas
pyspellchecker==0.8.1
    # via esbonio
pytest==8.3.2
    # via nbl
python-calamine==0.2.3
    # via pandas
python-dateutil==2.9.0.post0
    # via arrow
    # via botocore
    # via faker
    # via jupyter-client
    # via lamindb
    # via matplotlib
    # via multiscale-spatial-image
    # via pandas
    # via pronto
    # via realtime
    # via storage3
python-dotenv==1.0.1
    # via pydantic-settings
python-json-logger==2.0.7
    # via jupyter-events
pytometry==0.1.4
    # via flowsom
pytorch-lightning==2.4.0
    # via lightning
pytz==2024.1
    # via pandas
pyxlsb==1.0.10
    # via pandas
pyyaml==6.0.2
    # via bionty
    # via bokeh
    # via dask
    # via datasets
    # via distributed
    # via huggingface-hub
    # via jupyter-cache
    # via jupyter-events
    # via lightning
    # via myst-nb
    # via myst-parser
    # via nbproject
    # via pre-commit
    # via pybtex
    # via pytorch-lightning
    # via tach
    # via wandb
pyzmq==26.1.0
    # via ipykernel
    # via jupyter-client
    # via jupyter-server
rapidfuzz==3.9.6
    # via lamindb
readfcs==1.1.8
    # via flowsom
    # via pytometry
readme-renderer==44.0
    # via twine
realtime==1.0.6
    # via supabase
referencing==0.35.1
    # via jsonschema
    # via jsonschema-specifications
    # via jupyter-events
requests==2.32.3
    # via apeye
    # via bionty
    # via cachecontrol
    # via datasets
    # via datashader
    # via huggingface-hub
    # via jupyterlab-server
    # via lamindb-setup
    # via ome-zarr
    # via pooch
    # via requests-toolbelt
    # via sphinx
    # via torchdata
    # via twine
    # via wandb
requests-toolbelt==1.0.0
    # via twine
rfc3339-validator==0.1.4
    # via jsonschema
    # via jupyter-events
rfc3986==2.0.0
    # via twine
rfc3986-validator==0.1.1
    # via jsonschema
    # via jupyter-events
rich==13.7.1
    # via rich-click
    # via spatialdata
    # via tach
    # via twine
rich-click==1.8.3
    # via lamin-cli
rpds-py==0.20.0
    # via jsonschema
    # via referencing
ruamel-yaml==0.18.6
    # via sphinx-toolbox
ruamel-yaml-clib==0.2.8
    # via ruamel-yaml
ruff==0.5.7
    # via nbl
s3fs==2024.3.1
    # via fsspec
    # via lamindb-setup
s3transfer==0.10.2
    # via boto3
scanpy==1.10.2
    # via flowsom
    # via pytometry
    # via spatialdata-plot
scikit-image==0.24.0
    # via ome-zarr
    # via spatialdata
scikit-learn==1.5.1
    # via flowsom
    # via pynndescent
    # via scanpy
    # via spatialdata-plot
    # via umap-learn
scipy==1.12.0
    # via anndata
    # via dask-image
    # via datashader
    # via flowsom
    # via flox
    # via jax
    # via jaxlib
    # via lamindb
    # via marsilea
    # via pynndescent
    # via pytometry
    # via scanpy
    # via scikit-image
    # via scikit-learn
    # via spatialdata
    # via statsmodels
    # via umap-learn
    # via xarray
    # via xarray-einstats
seaborn==0.13.2
    # via flowsom
    # via marsilea
    # via pytometry
    # via scanpy
send2trash==1.8.3
    # via jupyter-server
sentry-sdk==2.12.0
    # via wandb
session-info==1.0.0
    # via flowsom
    # via nbl
    # via scanpy
setproctitle==1.3.3
    # via wandb
setuptools==72.1.0
    # via lightning-utilities
    # via nbl
    # via spatialdata
    # via wandb
shapely==2.0.5
    # via geopandas
    # via spatialdata
six==1.16.0
    # via asttokens
    # via bleach
    # via docker-pycreds
    # via html5lib
    # via jax-metal
    # via patsy
    # via pybtex
    # via python-dateutil
    # via rfc3339-validator
slicerator==1.1.0
    # via pims
smmap==5.0.1
    # via gitdb
sniffio==1.3.1
    # via anyio
    # via httpcore
    # via httpx
snowballstemmer==2.2.0
    # via sphinx
somap==0.1.1
    # via nbl
sortedcontainers==2.4.0
    # via distributed
soupsieve==2.5
    # via beautifulsoup4
spatial-image==1.1.0
    # via multiscale-spatial-image
    # via spatialdata
spatialdata @ git+https://github.com/srivarra/spatialdata@a193a256376552db935e735a94ea5be646eb7506
    # via nbl
    # via spatialdata-plot
spatialdata-plot==0.2.4
    # via nbl
spectate==1.0.1
    # via ipycytoscape
sphinx==8.0.2
    # via autodocsumm
    # via esbonio
    # via jupyterlite-sphinx
    # via myst-nb
    # via myst-parser
    # via nbl
    # via pydata-sphinx-theme
    # via sphinx-autobuild
    # via sphinx-autodoc-typehints
    # via sphinx-autosummary-accessors
    # via sphinx-book-theme
    # via sphinx-copybutton
    # via sphinx-prompt
    # via sphinx-tabs
    # via sphinx-toolbox
    # via sphinxcontrib-bibtex
    # via sphinxext-opengraph
sphinx-autobuild==2024.4.16
    # via nbl
sphinx-autodoc-typehints==2.2.3
    # via nbl
    # via sphinx-toolbox
sphinx-autosummary-accessors==2023.4.0
    # via nbl
sphinx-book-theme==1.1.3
    # via nbl
sphinx-copybutton==0.5.2
    # via nbl
sphinx-jinja2-compat==0.3.0
    # via sphinx-toolbox
sphinx-prompt==1.9.0
    # via sphinx-toolbox
sphinx-tabs==3.4.5
    # via sphinx-toolbox
sphinx-toolbox==3.7.0
    # via nbl
sphinxcontrib-applehelp==2.0.0
    # via sphinx
sphinxcontrib-bibtex==2.6.2
    # via nbl
sphinxcontrib-devhelp==2.0.0
    # via sphinx
sphinxcontrib-htmlhelp==2.1.0
    # via sphinx
sphinxcontrib-jsmath==1.0.1
    # via sphinx
sphinxcontrib-qthelp==2.0.0
    # via sphinx
sphinxcontrib-serializinghtml==2.0.0
    # via sphinx
sphinxext-opengraph==0.9.1
    # via nbl
sqlalchemy==2.0.32
    # via jupyter-cache
sqlparse==0.5.1
    # via django
stack-data==0.6.3
    # via ipython
starlette==0.38.2
    # via sphinx-autobuild
statsmodels==0.14.2
    # via scanpy
stdlib-list==0.10.0
    # via session-info
storage3==0.7.7
    # via supabase
strenum==0.4.15
    # via postgrest
supabase==2.2.1
    # via lamindb-setup
supafunc==0.3.3
    # via supabase
sympy==1.13.1
    # via einx
    # via torch
tabulate==0.9.0
    # via jupyter-cache
    # via sphinx-toolbox
tach==0.10.0
    # via nbl
tblib==3.0.0
    # via distributed
terminado==0.18.1
    # via jupyter-server
    # via jupyter-server-terminals
texttable==1.7.0
    # via igraph
threadpoolctl==3.5.0
    # via scikit-learn
tifffile==2024.7.24
    # via dask-image
    # via pims
    # via scikit-image
tinycss2==1.3.0
    # via nbconvert
tomli-w==1.0.0
    # via tach
toolz==0.12.1
    # via altair
    # via dask
    # via datashader
    # via distributed
    # via flox
    # via ome-zarr
    # via partd
torch==2.4.0
    # via lightning
    # via nbl
    # via pytorch-lightning
    # via torchdata
    # via torchmetrics
torchdata==0.8.0
    # via nbl
torchmetrics==1.4.1
    # via lightning
    # via pytorch-lightning
tornado==6.4.1
    # via bokeh
    # via distributed
    # via ipykernel
    # via jupyter-client
    # via jupyter-server
    # via jupyterlab
    # via notebook
    # via terminado
tqdm==4.66.5
    # via datasets
    # via huggingface-hub
    # via lightning
    # via pytorch-lightning
    # via scanpy
    # via umap-learn
traitlets==5.14.3
    # via comm
    # via ipykernel
    # via ipython
    # via ipywidgets
    # via jupyter-client
    # via jupyter-core
    # via jupyter-events
    # via jupyter-server
    # via jupyterlab
    # via matplotlib-inline
    # via nbclient
    # via nbconvert
    # via nbformat
treescope==0.1.1
    # via nbl
twine==5.1.1
    # via nbl
typeguard==2.13.3
    # via jaxtyping
types-python-dateutil==2.9.0.20240316
    # via arrow
typing-extensions==4.12.2
    # via anywidget
    # via dj-database-url
    # via domdf-python-tools
    # via equinox
    # via great-tables
    # via htmltools
    # via huggingface-hub
    # via ipython
    # via lamindb
    # via lightning
    # via lightning-utilities
    # via myst-nb
    # via pydantic
    # via pydantic-core
    # via pydata-sphinx-theme
    # via pytorch-lightning
    # via realtime
    # via rich-click
    # via spatialdata
    # via sphinx-toolbox
    # via sqlalchemy
    # via storage3
    # via torch
    # via xarray-dataclasses
tzdata==2024.1
    # via pandas
umap-learn==0.5.6
    # via scanpy
universal-pathlib==0.2.2
    # via lamindb-setup
    # via nbl
uri-template==1.3.0
    # via jsonschema
urllib3==1.26.19
    # via botocore
    # via distributed
    # via lamindb-setup
    # via requests
    # via sentry-sdk
    # via sphinx-prompt
    # via torchdata
    # via twine
uvicorn==0.30.5
    # via sphinx-autobuild
vega-datasets==0.9.0
    # via altair
vegafusion==1.6.9
    # via altair
vegafusion-python-embed==1.6.9
    # via vegafusion
virtualenv==20.26.3
    # via pre-commit
vl-convert-python==1.6.0
    # via altair
    # via somap
    # via vegafusion
wandb==0.17.6
    # via nbl
watchfiles==0.23.0
    # via sphinx-autobuild
wcwidth==0.2.13
    # via prompt-toolkit
webcolors==24.6.0
    # via jsonschema
webencodings==0.5.1
    # via bleach
    # via html5lib
    # via tinycss2
websocket-client==1.8.0
    # via jupyter-server
websockets==12.0
    # via realtime
    # via sphinx-autobuild
wheel==0.44.0
    # via jax-metal
widgetsnbextension==4.0.11
    # via ipywidgets
wrapt==1.16.0
    # via aiobotocore
xarray==2024.7.0
    # via datashader
    # via multiscale-spatial-image
    # via nbl
    # via spatial-image
    # via spatialdata
    # via xarray-dataclasses
    # via xarray-datatree
    # via xarray-einstats
    # via xarray-schema
    # via xarray-spatial
    # via xbatcher
xarray-dataclasses==1.8.0
    # via spatial-image
xarray-datatree==0.0.14
    # via multiscale-spatial-image
    # via spatialdata
xarray-einstats==0.7.0
    # via nbl
xarray-schema==0.0.3
    # via spatialdata
xarray-spatial==0.4.0
    # via spatialdata
xbatcher==0.3.0
    # via nbl
xlrd==2.0.1
    # via pandas
xlsxwriter==3.2.0
    # via pandas
xxhash==3.4.1
    # via datasets
xyzservices==2024.6.0
    # via altair-tiles
    # via bokeh
yarl==1.9.4
    # via aiohttp
zarr==2.18.2
    # via lamindb
    # via multiscale-spatial-image
    # via numpydantic
    # via ome-zarr
    # via spatialdata
zict==3.0.0
    # via distributed
zipp==3.19.2
    # via importlib-metadata
